
Microsoft Visual Studio Solution File, Format Version 12.00
# Visual Studio 2015
Project("{FAE04EC0-301F-11D3-BF4B-00C04F79EFBC}") = "Decal3", "Decal3.csproj", "{C44B8A1A-047F-281E-5037-0C3CE9C65B14}"
EndProject
Global
	GlobalSection(SolutionConfigurationPlatforms) = preSolution
		Debug|Any CPU = Debug|Any CPU
		Release|Any CPU = Release|Any CPU
	EndGlobalSection
	GlobalSection(ProjectConfigurationPlatforms) = postSolution
		{C44B8A1A-047F-281E-5037-0C3CE9C65B14}.Debug|Any CPU.ActiveCfg = Debug|Any CPU
		{C44B8A1A-047F-281E-5037-0C3CE9C65B14}.Debug|Any CPU.Build.0 = Debug|Any CPU
		{C44B8A1A-047F-281E-5037-0C3CE9C65B14}.Release|Any CPU.ActiveCfg = Release|Any CPU
		{C44B8A1A-047F-281E-5037-0C3CE9C65B14}.Release|Any CPU.Build.0 = Release|Any CPU
	EndGlobalSection
	GlobalSection(SolutionProperties) = preSolution
		HideSolutionNode = FALSE
	EndGlobalSection
EndGlobal
