
Microsoft Visual Studio Solution File, Format Version 12.00
# Visual Studio 15
VisualStudioVersion = 15.0.26430.16
MinimumVisualStudioVersion = 10.0.40219.1
Project("{FAE04EC0-301F-11D3-BF4B-00C04F79EFBC}") = "Excel2Json", "Excel2Json.csproj", "{31D9F612-25B9-4121-9D9C-A94244B98DE1}"
EndProject
Global
	GlobalSection(SolutionConfigurationPlatforms) = preSolution
		Debug|Any CPU = Debug|Any CPU
		Release|Any CPU = Release|Any CPU
	EndGlobalSection
	GlobalSection(ProjectConfigurationPlatforms) = postSolution
		{31D9F612-25B9-4121-9D9C-A94244B98DE1}.Debug|Any CPU.ActiveCfg = Debug|Any CPU
		{31D9F612-25B9-4121-9D9C-A94244B98DE1}.Debug|Any CPU.Build.0 = Debug|Any CPU
		{31D9F612-25B9-4121-9D9C-A94244B98DE1}.Release|Any CPU.ActiveCfg = Release|Any CPU
		{31D9F612-25B9-4121-9D9C-A94244B98DE1}.Release|Any CPU.Build.0 = Release|Any CPU
	EndGlobalSection
	GlobalSection(SolutionProperties) = preSolution
		HideSolutionNode = FALSE
	EndGlobalSection
EndGlobal
