
Microsoft Visual Studio Solution File, Format Version 12.00
# Visual Studio 2015
Project("{FAE04EC0-301F-11D3-BF4B-00C04F79EFBC}") = "Decal", "Decal.csproj", "{8BBDC6BC-0A21-7F02-40DC-9670BADCB1D6}"
EndProject
Global
	GlobalSection(SolutionConfigurationPlatforms) = preSolution
		Debug|Any CPU = Debug|Any CPU
		Release|Any CPU = Release|Any CPU
	EndGlobalSection
	GlobalSection(ProjectConfigurationPlatforms) = postSolution
		{8BBDC6BC-0A21-7F02-40DC-9670BADCB1D6}.Debug|Any CPU.ActiveCfg = Debug|Any CPU
		{8BBDC6BC-0A21-7F02-40DC-9670BADCB1D6}.Debug|Any CPU.Build.0 = Debug|Any CPU
		{8BBDC6BC-0A21-7F02-40DC-9670BADCB1D6}.Release|Any CPU.ActiveCfg = Release|Any CPU
		{8BBDC6BC-0A21-7F02-40DC-9670BADCB1D6}.Release|Any CPU.Build.0 = Release|Any CPU
	EndGlobalSection
	GlobalSection(SolutionProperties) = preSolution
		HideSolutionNode = FALSE
	EndGlobalSection
EndGlobal
