
Microsoft Visual Studio Solution File, Format Version 11.00
# Visual Studio 2010
Project("{FAE04EC0-301F-11D3-BF4B-00C04F79EFBC}") = "Hair", "Assembly-CSharp.csproj", "{01D5E14E-7E69-C569-CD3F-645F9348DB01}"
EndProject
Project("{FAE04EC0-301F-11D3-BF4B-00C04F79EFBC}") = "Hair", "Assembly-CSharp-Editor.csproj", "{47764F4B-5262-0C98-5967-4D2AB118B131}"
EndProject
Global
	GlobalSection(SolutionConfigurationPlatforms) = preSolution
		Debug|Any CPU = Debug|Any CPU
		Release|Any CPU = Release|Any CPU
	EndGlobalSection
	GlobalSection(ProjectConfigurationPlatforms) = postSolution
		{01D5E14E-7E69-C569-CD3F-645F9348DB01}.Debug|Any CPU.ActiveCfg = Debug|Any CPU
		{01D5E14E-7E69-C569-CD3F-645F9348DB01}.Debug|Any CPU.Build.0 = Debug|Any CPU
		{01D5E14E-7E69-C569-CD3F-645F9348DB01}.Release|Any CPU.ActiveCfg = Release|Any CPU
		{01D5E14E-7E69-C569-CD3F-645F9348DB01}.Release|Any CPU.Build.0 = Release|Any CPU
		{47764F4B-5262-0C98-5967-4D2AB118B131}.Debug|Any CPU.ActiveCfg = Debug|Any CPU
		{47764F4B-5262-0C98-5967-4D2AB118B131}.Debug|Any CPU.Build.0 = Debug|Any CPU
		{47764F4B-5262-0C98-5967-4D2AB118B131}.Release|Any CPU.ActiveCfg = Release|Any CPU
		{47764F4B-5262-0C98-5967-4D2AB118B131}.Release|Any CPU.Build.0 = Release|Any CPU
	EndGlobalSection
	GlobalSection(SolutionProperties) = preSolution
		HideSolutionNode = FALSE
	EndGlobalSection
	GlobalSection(MonoDevelopProperties) = preSolution
		StartupItem = Assembly-CSharp.csproj
	EndGlobalSection
EndGlobal
