
Microsoft Visual Studio Solution File, Format Version 11.00
# Visual Studio 2010
Project("{FAE04EC0-301F-11D3-BF4B-00C04F79EFBC}") = "CubeMap2MatCat", "Assembly-CSharp.csproj", "{73B73971-BAEB-1858-DCC3-90C2D2E7CF88}"
EndProject
Project("{FAE04EC0-301F-11D3-BF4B-00C04F79EFBC}") = "CubeMap2MatCat", "Assembly-CSharp-Editor.csproj", "{BC77F370-FF7A-F5DC-2584-BBD778D0910E}"
EndProject
Global
	GlobalSection(SolutionConfigurationPlatforms) = preSolution
		Debug|Any CPU = Debug|Any CPU
		Release|Any CPU = Release|Any CPU
	EndGlobalSection
	GlobalSection(ProjectConfigurationPlatforms) = postSolution
		{73B73971-BAEB-1858-DCC3-90C2D2E7CF88}.Debug|Any CPU.ActiveCfg = Debug|Any CPU
		{73B73971-BAEB-1858-DCC3-90C2D2E7CF88}.Debug|Any CPU.Build.0 = Debug|Any CPU
		{73B73971-BAEB-1858-DCC3-90C2D2E7CF88}.Release|Any CPU.ActiveCfg = Release|Any CPU
		{73B73971-BAEB-1858-DCC3-90C2D2E7CF88}.Release|Any CPU.Build.0 = Release|Any CPU
		{BC77F370-FF7A-F5DC-2584-BBD778D0910E}.Debug|Any CPU.ActiveCfg = Debug|Any CPU
		{BC77F370-FF7A-F5DC-2584-BBD778D0910E}.Debug|Any CPU.Build.0 = Debug|Any CPU
		{BC77F370-FF7A-F5DC-2584-BBD778D0910E}.Release|Any CPU.ActiveCfg = Release|Any CPU
		{BC77F370-FF7A-F5DC-2584-BBD778D0910E}.Release|Any CPU.Build.0 = Release|Any CPU
	EndGlobalSection
	GlobalSection(SolutionProperties) = preSolution
		HideSolutionNode = FALSE
	EndGlobalSection
	GlobalSection(MonoDevelopProperties) = preSolution
		StartupItem = Assembly-CSharp.csproj
	EndGlobalSection
EndGlobal
