
Microsoft Visual Studio Solution File, Format Version 12.00
# Visual Studio 2015
Project("{FAE04EC0-301F-11D3-BF4B-00C04F79EFBC}") = "CubeMap2MatCat", "CubeMap2MatCat.csproj", "{613F8831-2CA6-6A1F-D64F-A7CAE0BD0D23}"
EndProject
Project("{FAE04EC0-301F-11D3-BF4B-00C04F79EFBC}") = "CubeMap2MatCat.Editor", "CubeMap2MatCat.Editor.csproj", "{8585BF07-4D32-556B-E686-95DEC7C87A5E}"
EndProject
Global
	GlobalSection(SolutionConfigurationPlatforms) = preSolution
		Debug|Any CPU = Debug|Any CPU
		Release|Any CPU = Release|Any CPU
	EndGlobalSection
	GlobalSection(ProjectConfigurationPlatforms) = postSolution
		{613F8831-2CA6-6A1F-D64F-A7CAE0BD0D23}.Debug|Any CPU.ActiveCfg = Debug|Any CPU
		{613F8831-2CA6-6A1F-D64F-A7CAE0BD0D23}.Debug|Any CPU.Build.0 = Debug|Any CPU
		{613F8831-2CA6-6A1F-D64F-A7CAE0BD0D23}.Release|Any CPU.ActiveCfg = Release|Any CPU
		{613F8831-2CA6-6A1F-D64F-A7CAE0BD0D23}.Release|Any CPU.Build.0 = Release|Any CPU
		{8585BF07-4D32-556B-E686-95DEC7C87A5E}.Debug|Any CPU.ActiveCfg = Debug|Any CPU
		{8585BF07-4D32-556B-E686-95DEC7C87A5E}.Debug|Any CPU.Build.0 = Debug|Any CPU
		{8585BF07-4D32-556B-E686-95DEC7C87A5E}.Release|Any CPU.ActiveCfg = Release|Any CPU
		{8585BF07-4D32-556B-E686-95DEC7C87A5E}.Release|Any CPU.Build.0 = Release|Any CPU
	EndGlobalSection
	GlobalSection(SolutionProperties) = preSolution
		HideSolutionNode = FALSE
	EndGlobalSection
EndGlobal
